{
  "originHash" : "8ea199dad588065b202cacd1205af206abbac62d6e51477e94277bbbc67f6073",
  "pins" : [
    {
      "identity" : "disk",
      "kind" : "remoteSourceControl",
      "location" : "https://github.com/saoudrizwan/Disk.git",
      "state" : {
        "revision" : "b0cb4fdf23e51849cc2460bdc6de795c3bcca99d",
        "version" : "0.6.4"
      }
    },
    {
      "identity" : "swiftycrop",
      "kind" : "remoteSourceControl",
      "location" : "https://github.com/benedom/SwiftyCrop.git",
      "state" : {
        "revision" : "62a88adf60eeb1cf27b9b1e18f4cb12ef4887c39",
        "version" : "2.2.1"
      }
    }
  ],
  "version" : 3
}
