{
  "originHash" : "bf36b5cfb3703b5f119dde64c30883ef7bcf48b23107e5c12e6cb1ffb15d9516",
  "pins" : [
    {
      "identity" : "disk",
      "kind" : "remoteSourceControl",
      "location" : "https://github.com/saoudrizwan/Disk.git",
      "state" : {
        "revision" : "b0cb4fdf23e51849cc2460bdc6de795c3bcca99d",
        "version" : "0.6.4"
      }
    }
  ],
  "version" : 3
}
